// !$*UTF8*$!
{
	archiveVersion = 1;
	classes = {
	};
	objectVersion = 56;
	objects = {

/* Begin PBXBuildFile section */
		271F0FCE2ACD455E00B5E4D6 /* credist_model.swift in Sources */ = {isa = PBXBuildFile; fileRef = 271F0FCD2ACD455E00B5E4D6 /* credist_model.swift */; };
		272095FA2A1E02F800C17EBA /* List_movieApp.swift in Sources */ = {isa = PBXBuildFile; fileRef = 272095F92A1E02F800C17EBA /* List_movieApp.swift */; };
		272095FC2A1E02F800C17EBA /* ContentView.swift in Sources */ = {isa = PBXBuildFile; fileRef = 272095FB2A1E02F800C17EBA /* ContentView.swift */; };
		272095FE2A1E02FC00C17EBA /* Assets.xcassets in Resources */ = {isa = PBXBuildFile; fileRef = 272095FD2A1E02FC00C17EBA /* Assets.xcassets */; };
		272096012A1E02FC00C17EBA /* Preview Assets.xcassets in Resources */ = {isa = PBXBuildFile; fileRef = 272096002A1E02FC00C17EBA /* Preview Assets.xcassets */; };
		27C13F8D2A653B1600AEB8CC /* detailMovieVM.swift in Sources */ = {isa = PBXBuildFile; fileRef = 27C13F8C2A653B1600AEB8CC /* detailMovieVM.swift */; };
		27C13F8F2A653BEB00AEB8CC /* detail_movie_model.swift in Sources */ = {isa = PBXBuildFile; fileRef = 27C13F8E2A653BEB00AEB8CC /* detail_movie_model.swift */; };
		27C195992AC6D0DE005B3CA1 /* DetailMovieList.swift in Sources */ = {isa = PBXBuildFile; fileRef = 27C195982AC6D0DE005B3CA1 /* DetailMovieList.swift */; };
		27C1959B2AC6DD37005B3CA1 /* detailMovieListVM.swift in Sources */ = {isa = PBXBuildFile; fileRef = 27C1959A2AC6DD37005B3CA1 /* detailMovieListVM.swift */; };
		27F8DFE52A2DDF6F008D983A /* movies_model.swift in Sources */ = {isa = PBXBuildFile; fileRef = 27F8DFE42A2DDF6F008D983A /* movies_model.swift */; };
		27F8DFE72A2E3DE7008D983A /* movies_vm.swift in Sources */ = {isa = PBXBuildFile; fileRef = 27F8DFE62A2E3DE7008D983A /* movies_vm.swift */; };
		27FE846C2A41A555008ED109 /* DetailView.swift in Sources */ = {isa = PBXBuildFile; fileRef = 27FE846B2A41A555008ED109 /* DetailView.swift */; };
/* End PBXBuildFile section */

/* Begin PBXFileReference section */
		271F0FCD2ACD455E00B5E4D6 /* credist_model.swift */ = {isa = PBXFileReference; lastKnownFileType = sourcecode.swift; path = credist_model.swift; sourceTree = "<group>"; };
		272095F62A1E02F800C17EBA /* List_movie.app */ = {isa = PBXFileReference; explicitFileType = wrapper.application; includeInIndex = 0; path = List_movie.app; sourceTree = BUILT_PRODUCTS_DIR; };
		272095F92A1E02F800C17EBA /* List_movieApp.swift */ = {isa = PBXFileReference; lastKnownFileType = sourcecode.swift; path = List_movieApp.swift; sourceTree = "<group>"; };
		272095FB2A1E02F800C17EBA /* ContentView.swift */ = {isa = PBXFileReference; lastKnownFileType = sourcecode.swift; path = ContentView.swift; sourceTree = "<group>"; };
		272095FD2A1E02FC00C17EBA /* Assets.xcassets */ = {isa = PBXFileReference; lastKnownFileType = folder.assetcatalog; path = Assets.xcassets; sourceTree = "<group>"; };
		272096002A1E02FC00C17EBA /* Preview Assets.xcassets */ = {isa = PBXFileReference; lastKnownFileType = folder.assetcatalog; path = "Preview Assets.xcassets"; sourceTree = "<group>"; };
		27C13F8C2A653B1600AEB8CC /* detailMovieVM.swift */ = {isa = PBXFileReference; lastKnownFileType = sourcecode.swift; path = detailMovieVM.swift; sourceTree = "<group>"; };
		27C13F8E2A653BEB00AEB8CC /* detail_movie_model.swift */ = {isa = PBXFileReference; lastKnownFileType = sourcecode.swift; path = detail_movie_model.swift; sourceTree = "<group>"; };
		27C195982AC6D0DE005B3CA1 /* DetailMovieList.swift */ = {isa = PBXFileReference; lastKnownFileType = sourcecode.swift; path = DetailMovieList.swift; sourceTree = "<group>"; };
		27C1959A2AC6DD37005B3CA1 /* detailMovieListVM.swift */ = {isa = PBXFileReference; lastKnownFileType = sourcecode.swift; path = detailMovieListVM.swift; sourceTree = "<group>"; };
		27F8DFE42A2DDF6F008D983A /* movies_model.swift */ = {isa = PBXFileReference; lastKnownFileType = sourcecode.swift; path = movies_model.swift; sourceTree = "<group>"; };
		27F8DFE62A2E3DE7008D983A /* movies_vm.swift */ = {isa = PBXFileReference; lastKnownFileType = sourcecode.swift; path = movies_vm.swift; sourceTree = "<group>"; };
		27FE846B2A41A555008ED109 /* DetailView.swift */ = {isa = PBXFileReference; lastKnownFileType = sourcecode.swift; path = DetailView.swift; sourceTree = "<group>"; };
		27FE846F2A41B972008ED109 /* List-movie-Info.plist */ = {isa = PBXFileReference; lastKnownFileType = text.plist; path = "List-movie-Info.plist"; sourceTree = SOURCE_ROOT; };
/* End PBXFileReference section */

/* Begin PBXFrameworksBuildPhase section */
		272095F32A1E02F800C17EBA /* Frameworks */ = {
			isa = PBXFrameworksBuildPhase;
			buildActionMask = 2147483647;
			files = (
			);
			runOnlyForDeploymentPostprocessing = 0;
		};
/* End PBXFrameworksBuildPhase section */

/* Begin PBXGroup section */
		272095ED2A1E02F800C17EBA = {
			isa = PBXGroup;
			children = (
				272095F82A1E02F800C17EBA /* List_movie */,
				272095F72A1E02F800C17EBA /* Products */,
			);
			sourceTree = "<group>";
		};
		272095F72A1E02F800C17EBA /* Products */ = {
			isa = PBXGroup;
			children = (
				272095F62A1E02F800C17EBA /* List_movie.app */,
			);
			name = Products;
			sourceTree = "<group>";
		};
		272095F82A1E02F800C17EBA /* List_movie */ = {
			isa = PBXGroup;
			children = (
				27FE846F2A41B972008ED109 /* List-movie-Info.plist */,
				27FE84682A41A423008ED109 /* View */,
				27414C622A306D8500525CDD /* View Model */,
				27F8DFE32A2DDF4E008D983A /* Model */,
				272095F92A1E02F800C17EBA /* List_movieApp.swift */,
				272095FD2A1E02FC00C17EBA /* Assets.xcassets */,
				272095FF2A1E02FC00C17EBA /* Preview Content */,
			);
			path = List_movie;
			sourceTree = "<group>";
		};
		272095FF2A1E02FC00C17EBA /* Preview Content */ = {
			isa = PBXGroup;
			children = (
				272096002A1E02FC00C17EBA /* Preview Assets.xcassets */,
			);
			path = "Preview Content";
			sourceTree = "<group>";
		};
		27414C622A306D8500525CDD /* View Model */ = {
			isa = PBXGroup;
			children = (
				27F8DFE62A2E3DE7008D983A /* movies_vm.swift */,
				27C13F8C2A653B1600AEB8CC /* detailMovieVM.swift */,
				27C1959A2AC6DD37005B3CA1 /* detailMovieListVM.swift */,
			);
			path = "View Model";
			sourceTree = "<group>";
		};
		27F8DFE32A2DDF4E008D983A /* Model */ = {
			isa = PBXGroup;
			children = (
				27F8DFE42A2DDF6F008D983A /* movies_model.swift */,
				27C13F8E2A653BEB00AEB8CC /* detail_movie_model.swift */,
				271F0FCD2ACD455E00B5E4D6 /* credist_model.swift */,
			);
			path = Model;
			sourceTree = "<group>";
		};
		27FE84682A41A423008ED109 /* View */ = {
			isa = PBXGroup;
			children = (
				272095FB2A1E02F800C17EBA /* ContentView.swift */,
				27C195982AC6D0DE005B3CA1 /* DetailMovieList.swift */,
				27FE846B2A41A555008ED109 /* DetailView.swift */,
			);
			path = View;
			sourceTree = "<group>";
		};
/* End PBXGroup section */

/* Begin PBXNativeTarget section */
		272095F52A1E02F800C17EBA /* List_movie */ = {
			isa = PBXNativeTarget;
			buildConfigurationList = 272096042A1E02FC00C17EBA /* Build configuration list for PBXNativeTarget "List_movie" */;
			buildPhases = (
				272095F22A1E02F800C17EBA /* Sources */,
				272095F32A1E02F800C17EBA /* Frameworks */,
				272095F42A1E02F800C17EBA /* Resources */,
			);
			buildRules = (
			);
			dependencies = (
			);
			name = List_movie;
			productName = List_movie;
			productReference = 272095F62A1E02F800C17EBA /* List_movie.app */;
			productType = "com.apple.product-type.application";
		};
/* End PBXNativeTarget section */

/* Begin PBXProject section */
		272095EE2A1E02F800C17EBA /* Project object */ = {
			isa = PBXProject;
			attributes = {
				BuildIndependentTargetsInParallel = 1;
				LastSwiftUpdateCheck = 1420;
				LastUpgradeCheck = 1420;
				TargetAttributes = {
					272095F52A1E02F800C17EBA = {
						CreatedOnToolsVersion = 14.2;
					};
				};
			};
			buildConfigurationList = 272095F12A1E02F800C17EBA /* Build configuration list for PBXProject "List_movie" */;
			compatibilityVersion = "Xcode 14.0";
			developmentRegion = en;
			hasScannedForEncodings = 0;
			knownRegions = (
				en,
				Base,
			);
			mainGroup = 272095ED2A1E02F800C17EBA;
			productRefGroup = 272095F72A1E02F800C17EBA /* Products */;
			projectDirPath = "";
			projectRoot = "";
			targets = (
				272095F52A1E02F800C17EBA /* List_movie */,
			);
		};
/* End PBXProject section */

/* Begin PBXResourcesBuildPhase section */
		272095F42A1E02F800C17EBA /* Resources */ = {
			isa = PBXResourcesBuildPhase;
			buildActionMask = 2147483647;
			files = (
				272096012A1E02FC00C17EBA /* Preview Assets.xcassets in Resources */,
				272095FE2A1E02FC00C17EBA /* Assets.xcassets in Resources */,
			);
			runOnlyForDeploymentPostprocessing = 0;
		};
/* End PBXResourcesBuildPhase section */

/* Begin PBXSourcesBuildPhase section */
		272095F22A1E02F800C17EBA /* Sources */ = {
			isa = PBXSourcesBuildPhase;
			buildActionMask = 2147483647;
			files = (
				27C1959B2AC6DD37005B3CA1 /* detailMovieListVM.swift in Sources */,
				27C13F8F2A653BEB00AEB8CC /* detail_movie_model.swift in Sources */,
				271F0FCE2ACD455E00B5E4D6 /* credist_model.swift in Sources */,
				27F8DFE72A2E3DE7008D983A /* movies_vm.swift in Sources */,
				272095FC2A1E02F800C17EBA /* ContentView.swift in Sources */,
				272095FA2A1E02F800C17EBA /* List_movieApp.swift in Sources */,
				27FE846C2A41A555008ED109 /* DetailView.swift in Sources */,
				27C13F8D2A653B1600AEB8CC /* detailMovieVM.swift in Sources */,
				27F8DFE52A2DDF6F008D983A /* movies_model.swift in Sources */,
				27C195992AC6D0DE005B3CA1 /* DetailMovieList.swift in Sources */,
			);
			runOnlyForDeploymentPostprocessing = 0;
		};
/* End PBXSourcesBuildPhase section */

/* Begin XCBuildConfiguration section */
		272096022A1E02FC00C17EBA /* Debug */ = {
			isa = XCBuildConfiguration;
			buildSettings = {
				ALWAYS_SEARCH_USER_PATHS = NO;
				CLANG_ANALYZER_NONNULL = YES;
				CLANG_ANALYZER_NUMBER_OBJECT_CONVERSION = YES_AGGRESSIVE;
				CLANG_CXX_LANGUAGE_STANDARD = "gnu++20";
				CLANG_ENABLE_MODULES = YES;
				CLANG_ENABLE_OBJC_ARC = YES;
				CLANG_ENABLE_OBJC_WEAK = YES;
				CLANG_WARN_BLOCK_CAPTURE_AUTORELEASING = YES;
				CLANG_WARN_BOOL_CONVERSION = YES;
				CLANG_WARN_COMMA = YES;
				CLANG_WARN_CONSTANT_CONVERSION = YES;
				CLANG_WARN_DEPRECATED_OBJC_IMPLEMENTATIONS = YES;
				CLANG_WARN_DIRECT_OBJC_ISA_USAGE = YES_ERROR;
				CLANG_WARN_DOCUMENTATION_COMMENTS = YES;
				CLANG_WARN_EMPTY_BODY = YES;
				CLANG_WARN_ENUM_CONVERSION = YES;
				CLANG_WARN_INFINITE_RECURSION = YES;
				CLANG_WARN_INT_CONVERSION = YES;
				CLANG_WARN_NON_LITERAL_NULL_CONVERSION = YES;
				CLANG_WARN_OBJC_IMPLICIT_RETAIN_SELF = YES;
				CLANG_WARN_OBJC_LITERAL_CONVERSION = YES;
				CLANG_WARN_OBJC_ROOT_CLASS = YES_ERROR;
				CLANG_WARN_QUOTED_INCLUDE_IN_FRAMEWORK_HEADER = YES;
				CLANG_WARN_RANGE_LOOP_ANALYSIS = YES;
				CLANG_WARN_STRICT_PROTOTYPES = YES;
				CLANG_WARN_SUSPICIOUS_MOVE = YES;
				CLANG_WARN_UNGUARDED_AVAILABILITY = YES_AGGRESSIVE;
				CLANG_WARN_UNREACHABLE_CODE = YES;
				CLANG_WARN__DUPLICATE_METHOD_MATCH = YES;
				COPY_PHASE_STRIP = NO;
				DEBUG_INFORMATION_FORMAT = dwarf;
				ENABLE_STRICT_OBJC_MSGSEND = YES;
				ENABLE_TESTABILITY = YES;
				GCC_C_LANGUAGE_STANDARD = gnu11;
				GCC_DYNAMIC_NO_PIC = NO;
				GCC_NO_COMMON_BLOCKS = YES;
				GCC_OPTIMIZATION_LEVEL = 0;
				GCC_PREPROCESSOR_DEFINITIONS = (
					"DEBUG=1",
					"$(inherited)",
				);
				GCC_WARN_64_TO_32_BIT_CONVERSION = YES;
				GCC_WARN_ABOUT_RETURN_TYPE = YES_ERROR;
				GCC_WARN_UNDECLARED_SELECTOR = YES;
				GCC_WARN_UNINITIALIZED_AUTOS = YES_AGGRESSIVE;
				GCC_WARN_UNUSED_FUNCTION = YES;
				GCC_WARN_UNUSED_VARIABLE = YES;
				IPHONEOS_DEPLOYMENT_TARGET = 16.2;
				MTL_ENABLE_DEBUG_INFO = INCLUDE_SOURCE;
				MTL_FAST_MATH = YES;
				ONLY_ACTIVE_ARCH = YES;
				SDKROOT = iphoneos;
				SWIFT_ACTIVE_COMPILATION_CONDITIONS = DEBUG;
				SWIFT_OPTIMIZATION_LEVEL = "-Onone";
			};
			name = Debug;
		};
		272096032A1E02FC00C17EBA /* Release */ = {
			isa = XCBuildConfiguration;
			buildSettings = {
				ALWAYS_SEARCH_USER_PATHS = NO;
				CLANG_ANALYZER_NONNULL = YES;
				CLANG_ANALYZER_NUMBER_OBJECT_CONVERSION = YES_AGGRESSIVE;
				CLANG_CXX_LANGUAGE_STANDARD = "gnu++20";
				CLANG_ENABLE_MODULES = YES;
				CLANG_ENABLE_OBJC_ARC = YES;
				CLANG_ENABLE_OBJC_WEAK = YES;
				CLANG_WARN_BLOCK_CAPTURE_AUTORELEASING = YES;
				CLANG_WARN_BOOL_CONVERSION = YES;
				CLANG_WARN_COMMA = YES;
				CLANG_WARN_CONSTANT_CONVERSION = YES;
				CLANG_WARN_DEPRECATED_OBJC_IMPLEMENTATIONS = YES;
				CLANG_WARN_DIRECT_OBJC_ISA_USAGE = YES_ERROR;
				CLANG_WARN_DOCUMENTATION_COMMENTS = YES;
				CLANG_WARN_EMPTY_BODY = YES;
				CLANG_WARN_ENUM_CONVERSION = YES;
				CLANG_WARN_INFINITE_RECURSION = YES;
				CLANG_WARN_INT_CONVERSION = YES;
				CLANG_WARN_NON_LITERAL_NULL_CONVERSION = YES;
				CLANG_WARN_OBJC_IMPLICIT_RETAIN_SELF = YES;
				CLANG_WARN_OBJC_LITERAL_CONVERSION = YES;
				CLANG_WARN_OBJC_ROOT_CLASS = YES_ERROR;
				CLANG_WARN_QUOTED_INCLUDE_IN_FRAMEWORK_HEADER = YES;
				CLANG_WARN_RANGE_LOOP_ANALYSIS = YES;
				CLANG_WARN_STRICT_PROTOTYPES = YES;
				CLANG_WARN_SUSPICIOUS_MOVE = YES;
				CLANG_WARN_UNGUARDED_AVAILABILITY = YES_AGGRESSIVE;
				CLANG_WARN_UNREACHABLE_CODE = YES;
				CLANG_WARN__DUPLICATE_METHOD_MATCH = YES;
				COPY_PHASE_STRIP = NO;
				DEBUG_INFORMATION_FORMAT = "dwarf-with-dsym";
				ENABLE_NS_ASSERTIONS = NO;
				ENABLE_STRICT_OBJC_MSGSEND = YES;
				GCC_C_LANGUAGE_STANDARD = gnu11;
				GCC_NO_COMMON_BLOCKS = YES;
				GCC_WARN_64_TO_32_BIT_CONVERSION = YES;
				GCC_WARN_ABOUT_RETURN_TYPE = YES_ERROR;
				GCC_WARN_UNDECLARED_SELECTOR = YES;
				GCC_WARN_UNINITIALIZED_AUTOS = YES_AGGRESSIVE;
				GCC_WARN_UNUSED_FUNCTION = YES;
				GCC_WARN_UNUSED_VARIABLE = YES;
				IPHONEOS_DEPLOYMENT_TARGET = 16.2;
				MTL_ENABLE_DEBUG_INFO = NO;
				MTL_FAST_MATH = YES;
				SDKROOT = iphoneos;
				SWIFT_COMPILATION_MODE = wholemodule;
				SWIFT_OPTIMIZATION_LEVEL = "-O";
				VALIDATE_PRODUCT = YES;
			};
			name = Release;
		};
		272096052A1E02FC00C17EBA /* Debug */ = {
			isa = XCBuildConfiguration;
			buildSettings = {
				ASSETCATALOG_COMPILER_APPICON_NAME = AppIcon;
				ASSETCATALOG_COMPILER_GLOBAL_ACCENT_COLOR_NAME = AccentColor;
				CODE_SIGN_STYLE = Automatic;
				CURRENT_PROJECT_VERSION = 1;
				DEVELOPMENT_ASSET_PATHS = "\"List_movie/Preview Content\"";
				DEVELOPMENT_TEAM = BPWQA3BRTZ;
				ENABLE_PREVIEWS = YES;
				GENERATE_INFOPLIST_FILE = YES;
				INFOPLIST_FILE = "List-movie-Info.plist";
				INFOPLIST_KEY_UIApplicationSceneManifest_Generation = YES;
				INFOPLIST_KEY_UIApplicationSupportsIndirectInputEvents = YES;
				INFOPLIST_KEY_UILaunchScreen_Generation = YES;
				INFOPLIST_KEY_UISupportedInterfaceOrientations_iPad = "UIInterfaceOrientationPortrait UIInterfaceOrientationPortraitUpsideDown UIInterfaceOrientationLandscapeLeft UIInterfaceOrientationLandscapeRight";
				INFOPLIST_KEY_UISupportedInterfaceOrientations_iPhone = "UIInterfaceOrientationPortrait UIInterfaceOrientationLandscapeLeft UIInterfaceOrientationLandscapeRight";
				LD_RUNPATH_SEARCH_PATHS = (
					"$(inherited)",
					"@executable_path/Frameworks",
				);
				MARKETING_VERSION = 1.0;
				PRODUCT_BUNDLE_IDENTIFIER = "amali.List-movie";
				PRODUCT_NAME = "$(TARGET_NAME)";
				SWIFT_EMIT_LOC_STRINGS = YES;
				SWIFT_VERSION = 5.0;
				TARGETED_DEVICE_FAMILY = "1,2";
			};
			name = Debug;
		};
		272096062A1E02FC00C17EBA /* Release */ = {
			isa = XCBuildConfiguration;
			buildSettings = {
				ASSETCATALOG_COMPILER_APPICON_NAME = AppIcon;
				ASSETCATALOG_COMPILER_GLOBAL_ACCENT_COLOR_NAME = AccentColor;
				CODE_SIGN_STYLE = Automatic;
				CURRENT_PROJECT_VERSION = 1;
				DEVELOPMENT_ASSET_PATHS = "\"List_movie/Preview Content\"";
				DEVELOPMENT_TEAM = BPWQA3BRTZ;
				ENABLE_PREVIEWS = YES;
				GENERATE_INFOPLIST_FILE = YES;
				INFOPLIST_FILE = "List-movie-Info.plist";
				INFOPLIST_KEY_UIApplicationSceneManifest_Generation = YES;
				INFOPLIST_KEY_UIApplicationSupportsIndirectInputEvents = YES;
				INFOPLIST_KEY_UILaunchScreen_Generation = YES;
				INFOPLIST_KEY_UISupportedInterfaceOrientations_iPad = "UIInterfaceOrientationPortrait UIInterfaceOrientationPortraitUpsideDown UIInterfaceOrientationLandscapeLeft UIInterfaceOrientationLandscapeRight";
				INFOPLIST_KEY_UISupportedInterfaceOrientations_iPhone = "UIInterfaceOrientationPortrait UIInterfaceOrientationLandscapeLeft UIInterfaceOrientationLandscapeRight";
				LD_RUNPATH_SEARCH_PATHS = (
					"$(inherited)",
					"@executable_path/Frameworks",
				);
				MARKETING_VERSION = 1.0;
				PRODUCT_BUNDLE_IDENTIFIER = "amali.List-movie";
				PRODUCT_NAME = "$(TARGET_NAME)";
				SWIFT_EMIT_LOC_STRINGS = YES;
				SWIFT_VERSION = 5.0;
				TARGETED_DEVICE_FAMILY = "1,2";
			};
			name = Release;
		};
/* End XCBuildConfiguration section */

/* Begin XCConfigurationList section */
		272095F12A1E02F800C17EBA /* Build configuration list for PBXProject "List_movie" */ = {
			isa = XCConfigurationList;
			buildConfigurations = (
				272096022A1E02FC00C17EBA /* Debug */,
				272096032A1E02FC00C17EBA /* Release */,
			);
			defaultConfigurationIsVisible = 0;
			defaultConfigurationName = Release;
		};
		272096042A1E02FC00C17EBA /* Build configuration list for PBXNativeTarget "List_movie" */ = {
			isa = XCConfigurationList;
			buildConfigurations = (
				272096052A1E02FC00C17EBA /* Debug */,
				272096062A1E02FC00C17EBA /* Release */,
			);
			defaultConfigurationIsVisible = 0;
			defaultConfigurationName = Release;
		};
/* End XCConfigurationList section */
	};
	rootObject = 272095EE2A1E02F800C17EBA /* Project object */;
}
